
Microsoft Visual Studio Solution File, Format Version 12.00
# Visual Studio 15
VisualStudioVersion = 15.0.26730.16
MinimumVisualStudioVersion = 10.0.40219.1
Project("{FAE04EC0-301F-11D3-BF4B-00C04F79EFBC}") = "MasteringEntityFrameWorkSeries1", "MasteringEntityFrameWorkSeries1\MasteringEntityFrameWorkSeries1.csproj", "{075229A0-D57A-42B7-8CA1-5FC7659333A7}"
EndProject
Global
	GlobalSection(SolutionConfigurationPlatforms) = preSolution
		Debug|Any CPU = Debug|Any CPU
		Release|Any CPU = Release|Any CPU
	EndGlobalSection
	GlobalSection(ProjectConfigurationPlatforms) = postSolution
		{075229A0-D57A-42B7-8CA1-5FC7659333A7}.Debug|Any CPU.ActiveCfg = Debug|Any CPU
		{075229A0-D57A-42B7-8CA1-5FC7659333A7}.Debug|Any CPU.Build.0 = Debug|Any CPU
		{075229A0-D57A-42B7-8CA1-5FC7659333A7}.Release|Any CPU.ActiveCfg = Release|Any CPU
		{075229A0-D57A-42B7-8CA1-5FC7659333A7}.Release|Any CPU.Build.0 = Release|Any CPU
	EndGlobalSection
	GlobalSection(SolutionProperties) = preSolution
		HideSolutionNode = FALSE
	EndGlobalSection
	GlobalSection(ExtensibilityGlobals) = postSolution
		SolutionGuid = {33B3F646-BDE6-4D6E-B509-4201D21308AF}
	EndGlobalSection
EndGlobal
